
Microsoft Visual Studio Solution File, Format Version 12.00
# Visual Studio 15
VisualStudioVersion = 15.0.26124.0
MinimumVisualStudioVersion = 15.0.26124.0
Project("{2150E333-8FDC-42A3-9474-1A3956D46DE8}") = "test", "test", "{A7A21EB0-89D2-475E-B2F2-5358CE9F6400}"
EndProject
Project("{9A19103F-16F7-4668-BE54-9A1E7A4F7556}") = "Admonish", "src\Admonish\Admonish.csproj", "{2F6AB57C-AC91-4C44-A8E6-BD43106CEEC2}"
EndProject
Project("{6EC3EE1D-3C4E-46DD-8F32-0CC8E7565705}") = "Admonish.Tests", "test\Admonish.Tests\Admonish.Tests.fsproj", "{BCE55878-62B7-4CAE-9700-696729A82888}"
EndProject
Global
	GlobalSection(SolutionConfigurationPlatforms) = preSolution
		Debug|Any CPU = Debug|Any CPU
		Debug|x64 = Debug|x64
		Debug|x86 = Debug|x86
		Release|Any CPU = Release|Any CPU
		Release|x64 = Release|x64
		Release|x86 = Release|x86
	EndGlobalSection
	GlobalSection(ProjectConfigurationPlatforms) = postSolution
		{2F6AB57C-AC91-4C44-A8E6-BD43106CEEC2}.Debug|Any CPU.ActiveCfg = Debug|Any CPU
		{2F6AB57C-AC91-4C44-A8E6-BD43106CEEC2}.Debug|Any CPU.Build.0 = Debug|Any CPU
		{2F6AB57C-AC91-4C44-A8E6-BD43106CEEC2}.Debug|x64.ActiveCfg = Debug|Any CPU
		{2F6AB57C-AC91-4C44-A8E6-BD43106CEEC2}.Debug|x64.Build.0 = Debug|Any CPU
		{2F6AB57C-AC91-4C44-A8E6-BD43106CEEC2}.Debug|x86.ActiveCfg = Debug|Any CPU
		{2F6AB57C-AC91-4C44-A8E6-BD43106CEEC2}.Debug|x86.Build.0 = Debug|Any CPU
		{2F6AB57C-AC91-4C44-A8E6-BD43106CEEC2}.Release|Any CPU.ActiveCfg = Release|Any CPU
		{2F6AB57C-AC91-4C44-A8E6-BD43106CEEC2}.Release|Any CPU.Build.0 = Release|Any CPU
		{2F6AB57C-AC91-4C44-A8E6-BD43106CEEC2}.Release|x64.ActiveCfg = Release|Any CPU
		{2F6AB57C-AC91-4C44-A8E6-BD43106CEEC2}.Release|x64.Build.0 = Release|Any CPU
		{2F6AB57C-AC91-4C44-A8E6-BD43106CEEC2}.Release|x86.ActiveCfg = Release|Any CPU
		{2F6AB57C-AC91-4C44-A8E6-BD43106CEEC2}.Release|x86.Build.0 = Release|Any CPU
		{BCE55878-62B7-4CAE-9700-696729A82888}.Debug|Any CPU.ActiveCfg = Debug|Any CPU
		{BCE55878-62B7-4CAE-9700-696729A82888}.Debug|Any CPU.Build.0 = Debug|Any CPU
		{BCE55878-62B7-4CAE-9700-696729A82888}.Debug|x64.ActiveCfg = Debug|Any CPU
		{BCE55878-62B7-4CAE-9700-696729A82888}.Debug|x64.Build.0 = Debug|Any CPU
		{BCE55878-62B7-4CAE-9700-696729A82888}.Debug|x86.ActiveCfg = Debug|Any CPU
		{BCE55878-62B7-4CAE-9700-696729A82888}.Debug|x86.Build.0 = Debug|Any CPU
		{BCE55878-62B7-4CAE-9700-696729A82888}.Release|Any CPU.ActiveCfg = Release|Any CPU
		{BCE55878-62B7-4CAE-9700-696729A82888}.Release|Any CPU.Build.0 = Release|Any CPU
		{BCE55878-62B7-4CAE-9700-696729A82888}.Release|x64.ActiveCfg = Release|Any CPU
		{BCE55878-62B7-4CAE-9700-696729A82888}.Release|x64.Build.0 = Release|Any CPU
		{BCE55878-62B7-4CAE-9700-696729A82888}.Release|x86.ActiveCfg = Release|Any CPU
		{BCE55878-62B7-4CAE-9700-696729A82888}.Release|x86.Build.0 = Release|Any CPU
	EndGlobalSection
	GlobalSection(SolutionProperties) = preSolution
		HideSolutionNode = FALSE
	EndGlobalSection
	GlobalSection(NestedProjects) = preSolution
		{BCE55878-62B7-4CAE-9700-696729A82888} = {A7A21EB0-89D2-475E-B2F2-5358CE9F6400}
	EndGlobalSection
	GlobalSection(ExtensibilityGlobals) = postSolution
		SolutionGuid = {EEDDAE9D-E79A-4B58-AC7C-92E27DF8C39A}
	EndGlobalSection
EndGlobal
